
Microsoft Visual Studio Solution File, Format Version 12.00
# Visual Studio Version 17
VisualStudioVersion = 17.3.32825.248
MinimumVisualStudioVersion = 10.0.40219.1
Project("{8BC9CEB8-8B4A-11D0-8D11-00A0C91BC942}") = "Lab 4", "Lab 4\Lab 4.vcxproj", "{F644699E-47A8-4063-A148-57C96814D439}"
EndProject
Global
	GlobalSection(SolutionConfigurationPlatforms) = preSolution
		Debug|x64 = Debug|x64
		Debug|x86 = Debug|x86
		Release|x64 = Release|x64
		Release|x86 = Release|x86
	EndGlobalSection
	GlobalSection(ProjectConfigurationPlatforms) = postSolution
		{F644699E-47A8-4063-A148-57C96814D439}.Debug|x64.ActiveCfg = Debug|x64
		{F644699E-47A8-4063-A148-57C96814D439}.Debug|x64.Build.0 = Debug|x64
		{F644699E-47A8-4063-A148-57C96814D439}.Debug|x86.ActiveCfg = Debug|Win32
		{F644699E-47A8-4063-A148-57C96814D439}.Debug|x86.Build.0 = Debug|Win32
		{F644699E-47A8-4063-A148-57C96814D439}.Release|x64.ActiveCfg = Release|x64
		{F644699E-47A8-4063-A148-57C96814D439}.Release|x64.Build.0 = Release|x64
		{F644699E-47A8-4063-A148-57C96814D439}.Release|x86.ActiveCfg = Release|Win32
		{F644699E-47A8-4063-A148-57C96814D439}.Release|x86.Build.0 = Release|Win32
	EndGlobalSection
	GlobalSection(SolutionProperties) = preSolution
		HideSolutionNode = FALSE
	EndGlobalSection
	GlobalSection(ExtensibilityGlobals) = postSolution
		SolutionGuid = {0DB6930F-7584-45C7-961D-61E87F645473}
	EndGlobalSection
EndGlobal
